
Microsoft Visual Studio Solution File, Format Version 12.00
Project("{FAE04EC0-301F-11D3-BF4B-00C04F79EFBC}") = "Muflone.Persistence.Sql", "Muflone.Persistence.Sql\Muflone.Persistence.Sql.csproj", "{CC5AFA8A-178F-4D58-A5B3-D7B379DA6B83}"
EndProject
Project("{2150E333-8FDC-42A3-9474-1A3956D46DE8}") = "Tests", "Tests", "{67410430-51CC-411D-BC53-E567FFC5C8D8}"
EndProject
Project("{FAE04EC0-301F-11D3-BF4B-00C04F79EFBC}") = "Muflone.Persistence.Sql.Tests", "Muflone.Persistence.Sql.Tests\Muflone.Persistence.Sql.Tests.csproj", "{0CA67EE4-1129-46E0-8131-328C0A801ECF}"
EndProject
Global
	GlobalSection(SolutionConfigurationPlatforms) = preSolution
		Debug|Any CPU = Debug|Any CPU
		Release|Any CPU = Release|Any CPU
	EndGlobalSection
	GlobalSection(ProjectConfigurationPlatforms) = postSolution
		{CC5AFA8A-178F-4D58-A5B3-D7B379DA6B83}.Debug|Any CPU.ActiveCfg = Debug|Any CPU
		{CC5AFA8A-178F-4D58-A5B3-D7B379DA6B83}.Debug|Any CPU.Build.0 = Debug|Any CPU
		{CC5AFA8A-178F-4D58-A5B3-D7B379DA6B83}.Release|Any CPU.ActiveCfg = Release|Any CPU
		{CC5AFA8A-178F-4D58-A5B3-D7B379DA6B83}.Release|Any CPU.Build.0 = Release|Any CPU
		{0CA67EE4-1129-46E0-8131-328C0A801ECF}.Debug|Any CPU.ActiveCfg = Debug|Any CPU
		{0CA67EE4-1129-46E0-8131-328C0A801ECF}.Debug|Any CPU.Build.0 = Debug|Any CPU
		{0CA67EE4-1129-46E0-8131-328C0A801ECF}.Release|Any CPU.ActiveCfg = Release|Any CPU
		{0CA67EE4-1129-46E0-8131-328C0A801ECF}.Release|Any CPU.Build.0 = Release|Any CPU
	EndGlobalSection
	GlobalSection(NestedProjects) = preSolution
		{0CA67EE4-1129-46E0-8131-328C0A801ECF} = {67410430-51CC-411D-BC53-E567FFC5C8D8}
	EndGlobalSection
EndGlobal
